Microsoft Visual Studio Solution File, Format Version 8.00
Project("{8BC9CEB8-8B4A-11D0-8D11-00A0C91BC942}") = "szwindows", "szwindows.vcproj", "{14FA1AF7-42E9-464F-B828-7A36662D36EC}"
	ProjectSection(ProjectDependencies) = postProject
	EndProjectSection
EndProject
Global
	GlobalSection(SolutionConfiguration) = preSolution
		Debug = Debug
		Release = Release
	EndGlobalSection
	GlobalSection(ProjectConfiguration) = postSolution
		{14FA1AF7-42E9-464F-B828-7A36662D36EC}.Debug.ActiveCfg = Debug|Win32
		{14FA1AF7-42E9-464F-B828-7A36662D36EC}.Debug.Build.0 = Debug|Win32
		{14FA1AF7-42E9-464F-B828-7A36662D36EC}.Release.ActiveCfg = Release|Win32
		{14FA1AF7-42E9-464F-B828-7A36662D36EC}.Release.Build.0 = Release|Win32
	EndGlobalSection
	GlobalSection(ExtensibilityGlobals) = postSolution
	EndGlobalSection
	GlobalSection(ExtensibilityAddIns) = postSolution
	EndGlobalSection
EndGlobal
