Microsoft Visual Studio Solution File, Format Version 8.00
Project("{6989167D-11E4-40FE-8C1A-2192A86A7E90}") = "winlibkernel", "winlibkernel.vfproj", "{62BE3315-8E77-43C6-A799-E97FC8109EC5}"
	ProjectSection(ProjectDependencies) = postProject
	EndProjectSection
EndProject
Global
	GlobalSection(SolutionConfiguration) = preSolution
		Debug = Debug
		Release = Release
	EndGlobalSection
	GlobalSection(ProjectConfiguration) = postSolution
		{62BE3315-8E77-43C6-A799-E97FC8109EC5}.Debug.ActiveCfg = Debug|Win32
		{62BE3315-8E77-43C6-A799-E97FC8109EC5}.Debug.Build.0 = Debug|Win32
		{62BE3315-8E77-43C6-A799-E97FC8109EC5}.Release.ActiveCfg = Release|Win32
		{62BE3315-8E77-43C6-A799-E97FC8109EC5}.Release.Build.0 = Release|Win32
	EndGlobalSection
	GlobalSection(ExtensibilityGlobals) = postSolution
	EndGlobalSection
	GlobalSection(ExtensibilityAddIns) = postSolution
	EndGlobalSection
EndGlobal
