<?xml version="1.0" encoding="utf-8"?>
<Project ToolsVersion="4.0" xmlns="http://schemas.microsoft.com/developer/msbuild/2003">
  <ItemGroup>
    <Filter Include="Header Files">
      <UniqueIdentifier>{93995380-89BD-4b04-88EB-625FBE52EBFB}</UniqueIdentifier>
      <Extensions>h;hpp;hxx;hm;inl;inc;xsd</Extensions>
    </Filter>
    <Filter Include="Source Files">
      <UniqueIdentifier>{4FC737F1-C7A5-4376-A066-2A32D752A2FF}</UniqueIdentifier>
      <Extensions>cpp;c;cc;cxx;def;odl;idl;hpj;bat;asm;asmx</Extensions>
    </Filter>
  </ItemGroup>
  <ItemGroup>
    <ClInclude Include="..\metis-5.0\include\metis.h">
      <Filter>Header Files</Filter>
    </ClInclude>
    <ClInclude Include="..\metis-5.0\GKlib\gk_arch.h">
      <Filter>Header Files</Filter>
    </ClInclude>
    <ClInclude Include="..\metis-5.0\GKlib\ms_stdint.h">
      <Filter>Header Files</Filter>
    </ClInclude>
    <ClInclude Include="..\metis-5.0\GKlib\gk_defs.h">
      <Filter>Header Files</Filter>
    </ClInclude>
    <ClInclude Include="..\metis-5.0\GKlib\gk_externs.h">
      <Filter>Header Files</Filter>
    </ClInclude>
    <ClInclude Include="..\metis-5.0\GKlib\gk_getopt.h">
      <Filter>Header Files</Filter>
    </ClInclude>
    <ClInclude Include="..\metis-5.0\GKlib\gk_macros.h">
      <Filter>Header Files</Filter>
    </ClInclude>
    <ClInclude Include="..\metis-5.0\GKlib\gk_mkblas.h">
      <Filter>Header Files</Filter>
    </ClInclude>
    <ClInclude Include="..\metis-5.0\GKlib\gk_mkmemory.h">
      <Filter>Header Files</Filter>
    </ClInclude>
    <ClInclude Include="..\metis-5.0\GKlib\gk_mkpqueue.h">
      <Filter>Header Files</Filter>
    </ClInclude>
    <ClInclude Include="..\metis-5.0\GKlib\gk_mkrandom.h">
      <Filter>Header Files</Filter>
    </ClInclude>
    <ClInclude Include="..\metis-5.0\GKlib\gk_mksort.h">
      <Filter>Header Files</Filter>
    </ClInclude>
    <ClInclude Include="..\metis-5.0\GKlib\gk_mkutils.h">
      <Filter>Header Files</Filter>
    </ClInclude>
    <ClInclude Include="..\metis-5.0\GKlib\gk_proto.h">
      <Filter>Header Files</Filter>
    </ClInclude>
    <ClInclude Include="..\metis-5.0\GKlib\gk_struct.h">
      <Filter>Header Files</Filter>
    </ClInclude>
    <ClInclude Include="..\metis-5.0\GKlib\gk_types.h">
      <Filter>Header Files</Filter>
    </ClInclude>
    <ClInclude Include="..\metis-5.0\GKlib\GKlib.h">
      <Filter>Header Files</Filter>
    </ClInclude>
    <ClInclude Include="..\metis-5.0\GKlib\gkregex.h">
      <Filter>Header Files</Filter>
    </ClInclude>
    <ClInclude Include="..\metis-5.0\GKlib\ms_inttypes.h">
      <Filter>Header Files</Filter>
    </ClInclude>
    <ClInclude Include="..\metis-5.0\GKlib\ms_stat.h">
      <Filter>Header Files</Filter>
    </ClInclude>
  </ItemGroup>
  <ItemGroup>
    <ClCompile Include="..\metis-5.0\GKlib\b64.c">
      <Filter>Source Files</Filter>
    </ClCompile>
    <ClCompile Include="..\metis-5.0\GKlib\util.c">
      <Filter>Source Files</Filter>
    </ClCompile>
    <ClCompile Include="..\metis-5.0\GKlib\blas.c">
      <Filter>Source Files</Filter>
    </ClCompile>
    <ClCompile Include="..\metis-5.0\GKlib\csr.c">
      <Filter>Source Files</Filter>
    </ClCompile>
    <ClCompile Include="..\metis-5.0\GKlib\error.c">
      <Filter>Source Files</Filter>
    </ClCompile>
    <ClCompile Include="..\metis-5.0\GKlib\evaluate.c">
      <Filter>Source Files</Filter>
    </ClCompile>
    <ClCompile Include="..\metis-5.0\GKlib\fkvkselect.c">
      <Filter>Source Files</Filter>
    </ClCompile>
    <ClCompile Include="..\metis-5.0\GKlib\fs.c">
      <Filter>Source Files</Filter>
    </ClCompile>
    <ClCompile Include="..\metis-5.0\GKlib\getopt.c">
      <Filter>Source Files</Filter>
    </ClCompile>
    <ClCompile Include="..\metis-5.0\GKlib\gkregex.c">
      <Filter>Source Files</Filter>
    </ClCompile>
    <ClCompile Include="..\metis-5.0\GKlib\htable.c">
      <Filter>Source Files</Filter>
    </ClCompile>
    <ClCompile Include="..\metis-5.0\GKlib\io.c">
      <Filter>Source Files</Filter>
    </ClCompile>
    <ClCompile Include="..\metis-5.0\GKlib\itemsets.c">
      <Filter>Source Files</Filter>
    </ClCompile>
    <ClCompile Include="..\metis-5.0\GKlib\mcore.c">
      <Filter>Source Files</Filter>
    </ClCompile>
    <ClCompile Include="..\metis-5.0\GKlib\memory.c">
      <Filter>Source Files</Filter>
    </ClCompile>
    <ClCompile Include="..\metis-5.0\GKlib\omp.c">
      <Filter>Source Files</Filter>
    </ClCompile>
    <ClCompile Include="..\metis-5.0\GKlib\pdb.c">
      <Filter>Source Files</Filter>
    </ClCompile>
    <ClCompile Include="..\metis-5.0\GKlib\pqueue.c">
      <Filter>Source Files</Filter>
    </ClCompile>
    <ClCompile Include="..\metis-5.0\GKlib\random.c">
      <Filter>Source Files</Filter>
    </ClCompile>
    <ClCompile Include="..\metis-5.0\GKlib\seq.c">
      <Filter>Source Files</Filter>
    </ClCompile>
    <ClCompile Include="..\metis-5.0\GKlib\sort.c">
      <Filter>Source Files</Filter>
    </ClCompile>
    <ClCompile Include="..\metis-5.0\GKlib\string.c">
      <Filter>Source Files</Filter>
    </ClCompile>
    <ClCompile Include="..\metis-5.0\GKlib\timers.c">
      <Filter>Source Files</Filter>
    </ClCompile>
    <ClCompile Include="..\metis-5.0\GKlib\tokenizer.c">
      <Filter>Source Files</Filter>
    </ClCompile>
  </ItemGroup>
</Project>