<?xml version="1.0" encoding="utf-8"?>
<Project ToolsVersion="4.0" xmlns="http://schemas.microsoft.com/developer/msbuild/2003">
  <ItemGroup>
    <Filter Include="Postprocessing">
      <UniqueIdentifier>{e8dc340d-51b1-406b-888b-ce3b993efbc4}</UniqueIdentifier>
    </Filter>
    <Filter Include="System">
      <UniqueIdentifier>{ab3f3741-91a3-4f4b-8dde-358efcd2095b}</UniqueIdentifier>
    </Filter>
  </ItemGroup>
  <ItemGroup>
    <ClCompile Include="..\..\kernel\System\high_res_clock.c">
      <Filter>System</Filter>
    </ClCompile>
    <ClCompile Include="..\..\kernel\System\storage_malloc.c">
      <Filter>System</Filter>
    </ClCompile>
    <ClCompile Include="..\..\kernel\Postprocessing\gmvwritef.c">
      <Filter>Postprocessing</Filter>
    </ClCompile>
  </ItemGroup>
</Project>