<?xml version="1.0" encoding="utf-8"?>
<Project ToolsVersion="4.0" xmlns="http://schemas.microsoft.com/developer/msbuild/2003">
  <ItemGroup>
    <Filter Include="Header Files">
      <UniqueIdentifier>{93995380-89BD-4b04-88EB-625FBE52EBFB}</UniqueIdentifier>
      <Extensions>h;hpp;hxx;hm;inl;inc;xsd</Extensions>
    </Filter>
    <Filter Include="Source Files">
      <UniqueIdentifier>{4FC737F1-C7A5-4376-A066-2A32D752A2FF}</UniqueIdentifier>
      <Extensions>cpp;c;cc;cxx;def;odl;idl;hpj;bat;asm;asmx</Extensions>
    </Filter>
  </ItemGroup>
  <ItemGroup>
    <ClInclude Include="..\metis-5.0\include\metis.h">
      <Filter>Header Files</Filter>
    </ClInclude>
    <ClInclude Include="..\metis-5.0\libmetis\defs.h">
      <Filter>Header Files</Filter>
    </ClInclude>
    <ClInclude Include="..\metis-5.0\libmetis\struct.h">
      <Filter>Header Files</Filter>
    </ClInclude>
    <ClInclude Include="..\metis-5.0\libmetis\gklib_defs.h">
      <Filter>Header Files</Filter>
    </ClInclude>
    <ClInclude Include="..\metis-5.0\libmetis\gklib_rename.h">
      <Filter>Header Files</Filter>
    </ClInclude>
    <ClInclude Include="..\metis-5.0\libmetis\macros.h">
      <Filter>Header Files</Filter>
    </ClInclude>
    <ClInclude Include="..\metis-5.0\libmetis\metislib.h">
      <Filter>Header Files</Filter>
    </ClInclude>
    <ClInclude Include="..\metis-5.0\libmetis\proto.h">
      <Filter>Header Files</Filter>
    </ClInclude>
    <ClInclude Include="..\metis-5.0\libmetis\rename.h">
      <Filter>Header Files</Filter>
    </ClInclude>
    <ClInclude Include="..\metis-5.0\libmetis\stdheaders.h">
      <Filter>Header Files</Filter>
    </ClInclude>
  </ItemGroup>
  <ItemGroup>
    <ClCompile Include="..\metis-5.0\libmetis\auxapi.c">
      <Filter>Source Files</Filter>
    </ClCompile>
    <ClCompile Include="..\metis-5.0\libmetis\wspace.c">
      <Filter>Source Files</Filter>
    </ClCompile>
    <ClCompile Include="..\metis-5.0\libmetis\balance.c">
      <Filter>Source Files</Filter>
    </ClCompile>
    <ClCompile Include="..\metis-5.0\libmetis\bucketsort.c">
      <Filter>Source Files</Filter>
    </ClCompile>
    <ClCompile Include="..\metis-5.0\libmetis\checkgraph.c">
      <Filter>Source Files</Filter>
    </ClCompile>
    <ClCompile Include="..\metis-5.0\libmetis\coarsen.c">
      <Filter>Source Files</Filter>
    </ClCompile>
    <ClCompile Include="..\metis-5.0\libmetis\compress.c">
      <Filter>Source Files</Filter>
    </ClCompile>
    <ClCompile Include="..\metis-5.0\libmetis\contig.c">
      <Filter>Source Files</Filter>
    </ClCompile>
    <ClCompile Include="..\metis-5.0\libmetis\debug.c">
      <Filter>Source Files</Filter>
    </ClCompile>
    <ClCompile Include="..\metis-5.0\libmetis\fm.c">
      <Filter>Source Files</Filter>
    </ClCompile>
    <ClCompile Include="..\metis-5.0\libmetis\fortran.c">
      <Filter>Source Files</Filter>
    </ClCompile>
    <ClCompile Include="..\metis-5.0\libmetis\frename.c">
      <Filter>Source Files</Filter>
    </ClCompile>
    <ClCompile Include="..\metis-5.0\libmetis\gklib.c">
      <Filter>Source Files</Filter>
    </ClCompile>
    <ClCompile Include="..\metis-5.0\libmetis\graph.c">
      <Filter>Source Files</Filter>
    </ClCompile>
    <ClCompile Include="..\metis-5.0\libmetis\initpart.c">
      <Filter>Source Files</Filter>
    </ClCompile>
    <ClCompile Include="..\metis-5.0\libmetis\kmetis.c">
      <Filter>Source Files</Filter>
    </ClCompile>
    <ClCompile Include="..\metis-5.0\libmetis\kwayfm.c">
      <Filter>Source Files</Filter>
    </ClCompile>
    <ClCompile Include="..\metis-5.0\libmetis\kwayrefine.c">
      <Filter>Source Files</Filter>
    </ClCompile>
    <ClCompile Include="..\metis-5.0\libmetis\mcutil.c">
      <Filter>Source Files</Filter>
    </ClCompile>
    <ClCompile Include="..\metis-5.0\libmetis\mesh.c">
      <Filter>Source Files</Filter>
    </ClCompile>
    <ClCompile Include="..\metis-5.0\libmetis\meshpart.c">
      <Filter>Source Files</Filter>
    </ClCompile>
    <ClCompile Include="..\metis-5.0\libmetis\minconn.c">
      <Filter>Source Files</Filter>
    </ClCompile>
    <ClCompile Include="..\metis-5.0\libmetis\mincover.c">
      <Filter>Source Files</Filter>
    </ClCompile>
    <ClCompile Include="..\metis-5.0\libmetis\mmd.c">
      <Filter>Source Files</Filter>
    </ClCompile>
    <ClCompile Include="..\metis-5.0\libmetis\ometis.c">
      <Filter>Source Files</Filter>
    </ClCompile>
    <ClCompile Include="..\metis-5.0\libmetis\options.c">
      <Filter>Source Files</Filter>
    </ClCompile>
    <ClCompile Include="..\metis-5.0\libmetis\parmetis.c">
      <Filter>Source Files</Filter>
    </ClCompile>
    <ClCompile Include="..\metis-5.0\libmetis\pmetis.c">
      <Filter>Source Files</Filter>
    </ClCompile>
    <ClCompile Include="..\metis-5.0\libmetis\refine.c">
      <Filter>Source Files</Filter>
    </ClCompile>
    <ClCompile Include="..\metis-5.0\libmetis\separator.c">
      <Filter>Source Files</Filter>
    </ClCompile>
    <ClCompile Include="..\metis-5.0\libmetis\sfm.c">
      <Filter>Source Files</Filter>
    </ClCompile>
    <ClCompile Include="..\metis-5.0\libmetis\srefine.c">
      <Filter>Source Files</Filter>
    </ClCompile>
    <ClCompile Include="..\metis-5.0\libmetis\stat.c">
      <Filter>Source Files</Filter>
    </ClCompile>
    <ClCompile Include="..\metis-5.0\libmetis\timing.c">
      <Filter>Source Files</Filter>
    </ClCompile>
    <ClCompile Include="..\metis-5.0\libmetis\util.c">
      <Filter>Source Files</Filter>
    </ClCompile>
  </ItemGroup>
</Project>