
Microsoft Visual Studio Solution File, Format Version 11.00
# Visual Studio 2010
Project("{8BC9CEB8-8B4A-11D0-8D11-00A0C91BC942}") = "metis", "metis.vcxproj", "{DEB5EB88-13B3-4F6B-8059-060343C304D3}"
	ProjectSection(ProjectDependencies) = postProject
		{24D43D8C-4260-4674-9655-DF6D25941C3B} = {24D43D8C-4260-4674-9655-DF6D25941C3B}
	EndProjectSection
EndProject
Project("{8BC9CEB8-8B4A-11D0-8D11-00A0C91BC942}") = "gklib", "gklib.vcxproj", "{24D43D8C-4260-4674-9655-DF6D25941C3B}"
EndProject
Global
	GlobalSection(SolutionConfigurationPlatforms) = preSolution
		Debug|Win32 = Debug|Win32
		Debug|Win64 = Debug|Win64
		Release|Win32 = Release|Win32
		Release|Win64 = Release|Win64
	EndGlobalSection
	GlobalSection(ProjectConfigurationPlatforms) = postSolution
		{DEB5EB88-13B3-4F6B-8059-060343C304D3}.Debug|Win32.ActiveCfg = Debug|Win32
		{DEB5EB88-13B3-4F6B-8059-060343C304D3}.Debug|Win32.Build.0 = Debug|Win32
		{DEB5EB88-13B3-4F6B-8059-060343C304D3}.Debug|Win64.ActiveCfg = Debug|x64
		{DEB5EB88-13B3-4F6B-8059-060343C304D3}.Debug|Win64.Build.0 = Debug|x64
		{DEB5EB88-13B3-4F6B-8059-060343C304D3}.Release|Win32.ActiveCfg = Release|Win32
		{DEB5EB88-13B3-4F6B-8059-060343C304D3}.Release|Win32.Build.0 = Release|Win32
		{DEB5EB88-13B3-4F6B-8059-060343C304D3}.Release|Win64.ActiveCfg = Release|x64
		{DEB5EB88-13B3-4F6B-8059-060343C304D3}.Release|Win64.Build.0 = Release|x64
		{24D43D8C-4260-4674-9655-DF6D25941C3B}.Debug|Win32.ActiveCfg = Debug|Win32
		{24D43D8C-4260-4674-9655-DF6D25941C3B}.Debug|Win32.Build.0 = Debug|Win32
		{24D43D8C-4260-4674-9655-DF6D25941C3B}.Debug|Win64.ActiveCfg = Debug|x64
		{24D43D8C-4260-4674-9655-DF6D25941C3B}.Debug|Win64.Build.0 = Debug|x64
		{24D43D8C-4260-4674-9655-DF6D25941C3B}.Release|Win32.ActiveCfg = Release|Win32
		{24D43D8C-4260-4674-9655-DF6D25941C3B}.Release|Win32.Build.0 = Release|Win32
		{24D43D8C-4260-4674-9655-DF6D25941C3B}.Release|Win64.ActiveCfg = Release|x64
		{24D43D8C-4260-4674-9655-DF6D25941C3B}.Release|Win64.Build.0 = Release|x64
	EndGlobalSection
	GlobalSection(SolutionProperties) = preSolution
		HideSolutionNode = FALSE
	EndGlobalSection
EndGlobal
