Microsoft Visual Studio Solution File, Format Version 8.00
Project("{6989167D-11E4-40FE-8C1A-2192A86A7E90}") = "winfeatcmdline", "winfeatcmdline.vfproj", "{766450C9-5F0F-4692-AEA5-D8D1A18A24E3}"
	ProjectSection(ProjectDependencies) = postProject
		{FBF2AF0D-36AF-4A8D-9EB1-10E13F72D950} = {FBF2AF0D-36AF-4A8D-9EB1-10E13F72D950}
		{1E909711-327C-4B69-ABE3-4212C46817DC} = {1E909711-327C-4B69-ABE3-4212C46817DC}
		{62BE3315-8E77-43C6-A799-E97FC8109EC5} = {62BE3315-8E77-43C6-A799-E97FC8109EC5}
		{87F5F117-504A-49A3-ABE6-882A88E6B8E9} = {87F5F117-504A-49A3-ABE6-882A88E6B8E9}
		{DBF26343-133F-449F-966D-436DD8DDED89} = {DBF26343-133F-449F-966D-436DD8DDED89}
		{1F07EB5A-7D4B-4F54-8BD5-91AE15CF69DD} = {1F07EB5A-7D4B-4F54-8BD5-91AE15CF69DD}
		{37F73AB4-86A2-4DC6-8CEE-917A97BCBE05} = {37F73AB4-86A2-4DC6-8CEE-917A97BCBE05}
		{AB0D75C1-CDF4-4674-A977-D6280BE59A57} = {AB0D75C1-CDF4-4674-A977-D6280BE59A57}
	EndProjectSection
EndProject
Project("{8BC9CEB8-8B4A-11D0-8D11-00A0C91BC942}") = "winlibamd", "..\..\..\libraries\AMD\winamd\libamd.vcproj", "{AB0D75C1-CDF4-4674-A977-D6280BE59A57}"
	ProjectSection(ProjectDependencies) = postProject
	EndProjectSection
EndProject
Project("{6989167D-11E4-40FE-8C1A-2192A86A7E90}") = "winblas", "..\..\..\libraries\blas\winblas\winblas.vfproj", "{DBF26343-133F-449F-966D-436DD8DDED89}"
	ProjectSection(ProjectDependencies) = postProject
	EndProjectSection
EndProject
Project("{6989167D-11E4-40FE-8C1A-2192A86A7E90}") = "winlapack", "..\..\..\libraries\lapack\winlapack\winlapack.vfproj", "{1F07EB5A-7D4B-4F54-8BD5-91AE15CF69DD}"
	ProjectSection(ProjectDependencies) = postProject
	EndProjectSection
EndProject
Project("{8BC9CEB8-8B4A-11D0-8D11-00A0C91BC942}") = "winlibumfpack4", "..\..\..\libraries\umfpack4\winumfpack4\libumfpack4.vcproj", "{87F5F117-504A-49A3-ABE6-882A88E6B8E9}"
	ProjectSection(ProjectDependencies) = postProject
	EndProjectSection
EndProject
Project("{6989167D-11E4-40FE-8C1A-2192A86A7E90}") = "winsysutils", "..\..\..\libraries\sysutils\winsysutils\winsysutils.vfproj", "{FBF2AF0D-36AF-4A8D-9EB1-10E13F72D950}"
	ProjectSection(ProjectDependencies) = postProject
	EndProjectSection
EndProject
Project("{6989167D-11E4-40FE-8C1A-2192A86A7E90}") = "winminisplib", "..\..\..\libraries\minisplib\winminisplib\winminisplib.vfproj", "{1E909711-327C-4B69-ABE3-4212C46817DC}"
	ProjectSection(ProjectDependencies) = postProject
	EndProjectSection
EndProject
Project("{6989167D-11E4-40FE-8C1A-2192A86A7E90}") = "winlibkernel", "..\..\..\libraries\kernel\winlibkernel\winlibkernel.vfproj", "{62BE3315-8E77-43C6-A799-E97FC8109EC5}"
	ProjectSection(ProjectDependencies) = postProject
	EndProjectSection
EndProject
Project("{8BC9CEB8-8B4A-11D0-8D11-00A0C91BC942}") = "winlibkernelc", "..\..\..\libraries\kernel\winlibkernelc\winlibkernelc.vcproj", "{37F73AB4-86A2-4DC6-8CEE-917A97BCBE05}"
	ProjectSection(ProjectDependencies) = postProject
	EndProjectSection
EndProject
Global
	GlobalSection(SolutionConfiguration) = preSolution
		Debug = Debug
		Debug Parallel = Debug Parallel
		Release = Release
		Release ohne IPO = Release ohne IPO
	EndGlobalSection
	GlobalSection(ProjectDependencies) = postSolution
	EndGlobalSection
	GlobalSection(ProjectConfiguration) = postSolution
		{766450C9-5F0F-4692-AEA5-D8D1A18A24E3}.Debug.ActiveCfg = Debug|Win32
		{766450C9-5F0F-4692-AEA5-D8D1A18A24E3}.Debug.Build.0 = Debug|Win32
		{766450C9-5F0F-4692-AEA5-D8D1A18A24E3}.Debug Parallel.ActiveCfg = Debug Parallel|Win32
		{766450C9-5F0F-4692-AEA5-D8D1A18A24E3}.Debug Parallel.Build.0 = Debug Parallel|Win32
		{766450C9-5F0F-4692-AEA5-D8D1A18A24E3}.Release.ActiveCfg = Release|Win32
		{766450C9-5F0F-4692-AEA5-D8D1A18A24E3}.Release.Build.0 = Release|Win32
		{766450C9-5F0F-4692-AEA5-D8D1A18A24E3}.Release ohne IPO.ActiveCfg = Release ohne IPO|Win32
		{766450C9-5F0F-4692-AEA5-D8D1A18A24E3}.Release ohne IPO.Build.0 = Release ohne IPO|Win32
		{AB0D75C1-CDF4-4674-A977-D6280BE59A57}.Debug.ActiveCfg = Debug|Win32
		{AB0D75C1-CDF4-4674-A977-D6280BE59A57}.Debug.Build.0 = Debug|Win32
		{AB0D75C1-CDF4-4674-A977-D6280BE59A57}.Debug Parallel.ActiveCfg = Debug Parallel|Win32
		{AB0D75C1-CDF4-4674-A977-D6280BE59A57}.Debug Parallel.Build.0 = Debug Parallel|Win32
		{AB0D75C1-CDF4-4674-A977-D6280BE59A57}.Release.ActiveCfg = Release|Win32
		{AB0D75C1-CDF4-4674-A977-D6280BE59A57}.Release.Build.0 = Release|Win32
		{AB0D75C1-CDF4-4674-A977-D6280BE59A57}.Release ohne IPO.ActiveCfg = Release ohne IPO|Win32
		{AB0D75C1-CDF4-4674-A977-D6280BE59A57}.Release ohne IPO.Build.0 = Release ohne IPO|Win32
		{DBF26343-133F-449F-966D-436DD8DDED89}.Debug.ActiveCfg = Debug|Win32
		{DBF26343-133F-449F-966D-436DD8DDED89}.Debug.Build.0 = Debug|Win32
		{DBF26343-133F-449F-966D-436DD8DDED89}.Debug Parallel.ActiveCfg = Debug Parallel|Win32
		{DBF26343-133F-449F-966D-436DD8DDED89}.Debug Parallel.Build.0 = Debug Parallel|Win32
		{DBF26343-133F-449F-966D-436DD8DDED89}.Release.ActiveCfg = Release|Win32
		{DBF26343-133F-449F-966D-436DD8DDED89}.Release.Build.0 = Release|Win32
		{DBF26343-133F-449F-966D-436DD8DDED89}.Release ohne IPO.ActiveCfg = Release ohne IPO|Win32
		{DBF26343-133F-449F-966D-436DD8DDED89}.Release ohne IPO.Build.0 = Release ohne IPO|Win32
		{1F07EB5A-7D4B-4F54-8BD5-91AE15CF69DD}.Debug.ActiveCfg = Debug|Win32
		{1F07EB5A-7D4B-4F54-8BD5-91AE15CF69DD}.Debug.Build.0 = Debug|Win32
		{1F07EB5A-7D4B-4F54-8BD5-91AE15CF69DD}.Debug Parallel.ActiveCfg = Debug Parallel|Win32
		{1F07EB5A-7D4B-4F54-8BD5-91AE15CF69DD}.Debug Parallel.Build.0 = Debug Parallel|Win32
		{1F07EB5A-7D4B-4F54-8BD5-91AE15CF69DD}.Release.ActiveCfg = Release|Win32
		{1F07EB5A-7D4B-4F54-8BD5-91AE15CF69DD}.Release.Build.0 = Release|Win32
		{1F07EB5A-7D4B-4F54-8BD5-91AE15CF69DD}.Release ohne IPO.ActiveCfg = Release ohne IPO|Win32
		{1F07EB5A-7D4B-4F54-8BD5-91AE15CF69DD}.Release ohne IPO.Build.0 = Release ohne IPO|Win32
		{87F5F117-504A-49A3-ABE6-882A88E6B8E9}.Debug.ActiveCfg = Debug|Win32
		{87F5F117-504A-49A3-ABE6-882A88E6B8E9}.Debug.Build.0 = Debug|Win32
		{87F5F117-504A-49A3-ABE6-882A88E6B8E9}.Debug Parallel.ActiveCfg = Debug Parallel|Win32
		{87F5F117-504A-49A3-ABE6-882A88E6B8E9}.Debug Parallel.Build.0 = Debug Parallel|Win32
		{87F5F117-504A-49A3-ABE6-882A88E6B8E9}.Release.ActiveCfg = Release|Win32
		{87F5F117-504A-49A3-ABE6-882A88E6B8E9}.Release.Build.0 = Release|Win32
		{87F5F117-504A-49A3-ABE6-882A88E6B8E9}.Release ohne IPO.ActiveCfg = Release ohne IPO|Win32
		{87F5F117-504A-49A3-ABE6-882A88E6B8E9}.Release ohne IPO.Build.0 = Release ohne IPO|Win32
		{FBF2AF0D-36AF-4A8D-9EB1-10E13F72D950}.Debug.ActiveCfg = Debug|Win32
		{FBF2AF0D-36AF-4A8D-9EB1-10E13F72D950}.Debug.Build.0 = Debug|Win32
		{FBF2AF0D-36AF-4A8D-9EB1-10E13F72D950}.Debug Parallel.ActiveCfg = Debug Parallel|Win32
		{FBF2AF0D-36AF-4A8D-9EB1-10E13F72D950}.Debug Parallel.Build.0 = Debug Parallel|Win32
		{FBF2AF0D-36AF-4A8D-9EB1-10E13F72D950}.Release.ActiveCfg = Release|Win32
		{FBF2AF0D-36AF-4A8D-9EB1-10E13F72D950}.Release.Build.0 = Release|Win32
		{FBF2AF0D-36AF-4A8D-9EB1-10E13F72D950}.Release ohne IPO.ActiveCfg = Release ohne IPO|Win32
		{FBF2AF0D-36AF-4A8D-9EB1-10E13F72D950}.Release ohne IPO.Build.0 = Release ohne IPO|Win32
		{1E909711-327C-4B69-ABE3-4212C46817DC}.Debug.ActiveCfg = Debug|Win32
		{1E909711-327C-4B69-ABE3-4212C46817DC}.Debug.Build.0 = Debug|Win32
		{1E909711-327C-4B69-ABE3-4212C46817DC}.Debug Parallel.ActiveCfg = Debug Parallel|Win32
		{1E909711-327C-4B69-ABE3-4212C46817DC}.Debug Parallel.Build.0 = Debug Parallel|Win32
		{1E909711-327C-4B69-ABE3-4212C46817DC}.Release.ActiveCfg = Release|Win32
		{1E909711-327C-4B69-ABE3-4212C46817DC}.Release.Build.0 = Release|Win32
		{1E909711-327C-4B69-ABE3-4212C46817DC}.Release ohne IPO.ActiveCfg = Release ohne IPO|Win32
		{1E909711-327C-4B69-ABE3-4212C46817DC}.Release ohne IPO.Build.0 = Release ohne IPO|Win32
		{62BE3315-8E77-43C6-A799-E97FC8109EC5}.Debug.ActiveCfg = Debug|Win32
		{62BE3315-8E77-43C6-A799-E97FC8109EC5}.Debug.Build.0 = Debug|Win32
		{62BE3315-8E77-43C6-A799-E97FC8109EC5}.Debug Parallel.ActiveCfg = Debug Parallel|Win32
		{62BE3315-8E77-43C6-A799-E97FC8109EC5}.Debug Parallel.Build.0 = Debug Parallel|Win32
		{62BE3315-8E77-43C6-A799-E97FC8109EC5}.Release.ActiveCfg = Release|Win32
		{62BE3315-8E77-43C6-A799-E97FC8109EC5}.Release.Build.0 = Release|Win32
		{62BE3315-8E77-43C6-A799-E97FC8109EC5}.Release ohne IPO.ActiveCfg = Release ohne IPO|Win32
		{62BE3315-8E77-43C6-A799-E97FC8109EC5}.Release ohne IPO.Build.0 = Release ohne IPO|Win32
		{37F73AB4-86A2-4DC6-8CEE-917A97BCBE05}.Debug.ActiveCfg = Debug|Win32
		{37F73AB4-86A2-4DC6-8CEE-917A97BCBE05}.Debug.Build.0 = Debug|Win32
		{37F73AB4-86A2-4DC6-8CEE-917A97BCBE05}.Debug Parallel.ActiveCfg = Debug Parallel|Win32
		{37F73AB4-86A2-4DC6-8CEE-917A97BCBE05}.Debug Parallel.Build.0 = Debug Parallel|Win32
		{37F73AB4-86A2-4DC6-8CEE-917A97BCBE05}.Release.ActiveCfg = Release|Win32
		{37F73AB4-86A2-4DC6-8CEE-917A97BCBE05}.Release.Build.0 = Release|Win32
		{37F73AB4-86A2-4DC6-8CEE-917A97BCBE05}.Release ohne IPO.ActiveCfg = Release ohne IPO|Win32
		{37F73AB4-86A2-4DC6-8CEE-917A97BCBE05}.Release ohne IPO.Build.0 = Release ohne IPO|Win32
	EndGlobalSection
	GlobalSection(ExtensibilityGlobals) = postSolution
	EndGlobalSection
	GlobalSection(ExtensibilityAddIns) = postSolution
	EndGlobalSection
EndGlobal
