Microsoft Visual Studio Solution File, Format Version 8.00
Project("{6989167D-11E4-40FE-8C1A-2192A86A7E90}") = "winsysutils", "winsysutils.vfproj", "{FBF2AF0D-36AF-4A8D-9EB1-10E13F72D950}"
	ProjectSection(ProjectDependencies) = postProject
	EndProjectSection
EndProject
Global
	GlobalSection(SolutionConfiguration) = preSolution
		Debug = Debug
		Release = Release
	EndGlobalSection
	GlobalSection(ProjectConfiguration) = postSolution
		{FBF2AF0D-36AF-4A8D-9EB1-10E13F72D950}.Debug.ActiveCfg = Debug|Win32
		{FBF2AF0D-36AF-4A8D-9EB1-10E13F72D950}.Debug.Build.0 = Debug|Win32
		{FBF2AF0D-36AF-4A8D-9EB1-10E13F72D950}.Release.ActiveCfg = Release|Win32
		{FBF2AF0D-36AF-4A8D-9EB1-10E13F72D950}.Release.Build.0 = Release|Win32
	EndGlobalSection
	GlobalSection(ExtensibilityGlobals) = postSolution
	EndGlobalSection
	GlobalSection(ExtensibilityAddIns) = postSolution
	EndGlobalSection
EndGlobal
