
Microsoft Visual Studio Solution File, Format Version 11.00
# Visual Studio 2010
Project("{6989167D-11E4-40FE-8C1A-2192A86A7E90}") = "mgrenum_ifc12", "mgrenum_ifc12.vfproj", "{FD82B43F-CB64-4EC0-8E0D-D672D503CB6B}"
	ProjectSection(ProjectDependencies) = postProject
		{2765B112-ED3B-4C45-B84A-ACE4377C88CB} = {2765B112-ED3B-4C45-B84A-ACE4377C88CB}
	EndProjectSection
EndProject
Project("{6989167D-11E4-40FE-8C1A-2192A86A7E90}") = "winlibkernel_ifc12", "..\..\libraries\kernel\winlibkernel\winlibkernel_ifc12.vfproj", "{2765B112-ED3B-4C45-B84A-ACE4377C88CB}"
EndProject
Global
	GlobalSection(SolutionConfigurationPlatforms) = preSolution
		Debug|Win32 = Debug|Win32
		Debug|x64 = Debug|x64
		Release|Win32 = Release|Win32
		Release|x64 = Release|x64
	EndGlobalSection
	GlobalSection(ProjectConfigurationPlatforms) = postSolution
		{FD82B43F-CB64-4EC0-8E0D-D672D503CB6B}.Debug|Win32.ActiveCfg = Debug|Win32
		{FD82B43F-CB64-4EC0-8E0D-D672D503CB6B}.Debug|Win32.Build.0 = Debug|Win32
		{FD82B43F-CB64-4EC0-8E0D-D672D503CB6B}.Debug|x64.ActiveCfg = Debug|x64
		{FD82B43F-CB64-4EC0-8E0D-D672D503CB6B}.Debug|x64.Build.0 = Debug|x64
		{FD82B43F-CB64-4EC0-8E0D-D672D503CB6B}.Release|Win32.ActiveCfg = Release|Win32
		{FD82B43F-CB64-4EC0-8E0D-D672D503CB6B}.Release|Win32.Build.0 = Release|Win32
		{FD82B43F-CB64-4EC0-8E0D-D672D503CB6B}.Release|x64.ActiveCfg = Release|x64
		{FD82B43F-CB64-4EC0-8E0D-D672D503CB6B}.Release|x64.Build.0 = Release|x64
		{2765B112-ED3B-4C45-B84A-ACE4377C88CB}.Debug|Win32.ActiveCfg = Debug|Win32
		{2765B112-ED3B-4C45-B84A-ACE4377C88CB}.Debug|Win32.Build.0 = Debug|Win32
		{2765B112-ED3B-4C45-B84A-ACE4377C88CB}.Debug|x64.ActiveCfg = Debug|x64
		{2765B112-ED3B-4C45-B84A-ACE4377C88CB}.Debug|x64.Build.0 = Debug|x64
		{2765B112-ED3B-4C45-B84A-ACE4377C88CB}.Release|Win32.ActiveCfg = Release|Win32
		{2765B112-ED3B-4C45-B84A-ACE4377C88CB}.Release|Win32.Build.0 = Release|Win32
		{2765B112-ED3B-4C45-B84A-ACE4377C88CB}.Release|x64.ActiveCfg = Release|x64
		{2765B112-ED3B-4C45-B84A-ACE4377C88CB}.Release|x64.Build.0 = Release|x64
	EndGlobalSection
	GlobalSection(SolutionProperties) = preSolution
		HideSolutionNode = FALSE
	EndGlobalSection
EndGlobal
