
Microsoft Visual Studio Solution File, Format Version 11.00
# Visual Studio 2010
Project("{6989167D-11E4-40FE-8C1A-2192A86A7E90}") = "stokesdbg", "stokesdbg.vfproj", "{14F6856B-2C04-4F6D-96CB-5D4510D8C6DB}"
	ProjectSection(ProjectDependencies) = postProject
		{E2980B0E-C3EF-4D9A-A9FE-E25B40D57B5E} = {E2980B0E-C3EF-4D9A-A9FE-E25B40D57B5E}
	EndProjectSection
EndProject
Project("{6989167D-11E4-40FE-8C1A-2192A86A7E90}") = "kernel", "..\..\kernel\kernel.vfproj", "{E2980B0E-C3EF-4D9A-A9FE-E25B40D57B5E}"
EndProject
Global
	GlobalSection(SolutionConfigurationPlatforms) = preSolution
		dbg|Win32 = dbg|Win32
		dbg|x64 = dbg|x64
		dbg-omp|Win32 = dbg-omp|Win32
		dbg-omp|x64 = dbg-omp|x64
		opt|Win32 = opt|Win32
		opt|x64 = opt|x64
		opt-omp|Win32 = opt-omp|Win32
		opt-omp|x64 = opt-omp|x64
	EndGlobalSection
	GlobalSection(ProjectConfigurationPlatforms) = postSolution
		{14F6856B-2C04-4F6D-96CB-5D4510D8C6DB}.dbg|Win32.ActiveCfg = dbg|Win32
		{14F6856B-2C04-4F6D-96CB-5D4510D8C6DB}.dbg|Win32.Build.0 = dbg|Win32
		{14F6856B-2C04-4F6D-96CB-5D4510D8C6DB}.dbg|x64.ActiveCfg = dbg|x64
		{14F6856B-2C04-4F6D-96CB-5D4510D8C6DB}.dbg|x64.Build.0 = dbg|x64
		{14F6856B-2C04-4F6D-96CB-5D4510D8C6DB}.dbg-omp|Win32.ActiveCfg = dbg-omp|Win32
		{14F6856B-2C04-4F6D-96CB-5D4510D8C6DB}.dbg-omp|Win32.Build.0 = dbg-omp|Win32
		{14F6856B-2C04-4F6D-96CB-5D4510D8C6DB}.dbg-omp|x64.ActiveCfg = dbg-omp|x64
		{14F6856B-2C04-4F6D-96CB-5D4510D8C6DB}.dbg-omp|x64.Build.0 = dbg-omp|x64
		{14F6856B-2C04-4F6D-96CB-5D4510D8C6DB}.opt|Win32.ActiveCfg = opt|Win32
		{14F6856B-2C04-4F6D-96CB-5D4510D8C6DB}.opt|Win32.Build.0 = opt|Win32
		{14F6856B-2C04-4F6D-96CB-5D4510D8C6DB}.opt|x64.ActiveCfg = opt|x64
		{14F6856B-2C04-4F6D-96CB-5D4510D8C6DB}.opt|x64.Build.0 = opt|x64
		{14F6856B-2C04-4F6D-96CB-5D4510D8C6DB}.opt-omp|Win32.ActiveCfg = opt-omp|Win32
		{14F6856B-2C04-4F6D-96CB-5D4510D8C6DB}.opt-omp|Win32.Build.0 = opt-omp|Win32
		{14F6856B-2C04-4F6D-96CB-5D4510D8C6DB}.opt-omp|x64.ActiveCfg = opt-omp|x64
		{14F6856B-2C04-4F6D-96CB-5D4510D8C6DB}.opt-omp|x64.Build.0 = opt-omp|x64
		{E2980B0E-C3EF-4D9A-A9FE-E25B40D57B5E}.dbg|Win32.ActiveCfg = dbg|Win32
		{E2980B0E-C3EF-4D9A-A9FE-E25B40D57B5E}.dbg|Win32.Build.0 = dbg|Win32
		{E2980B0E-C3EF-4D9A-A9FE-E25B40D57B5E}.dbg|x64.ActiveCfg = dbg|x64
		{E2980B0E-C3EF-4D9A-A9FE-E25B40D57B5E}.dbg|x64.Build.0 = dbg|x64
		{E2980B0E-C3EF-4D9A-A9FE-E25B40D57B5E}.dbg-omp|Win32.ActiveCfg = dbg-omp|Win32
		{E2980B0E-C3EF-4D9A-A9FE-E25B40D57B5E}.dbg-omp|Win32.Build.0 = dbg-omp|Win32
		{E2980B0E-C3EF-4D9A-A9FE-E25B40D57B5E}.dbg-omp|x64.ActiveCfg = dbg-omp|x64
		{E2980B0E-C3EF-4D9A-A9FE-E25B40D57B5E}.dbg-omp|x64.Build.0 = dbg-omp|x64
		{E2980B0E-C3EF-4D9A-A9FE-E25B40D57B5E}.opt|Win32.ActiveCfg = opt|Win32
		{E2980B0E-C3EF-4D9A-A9FE-E25B40D57B5E}.opt|Win32.Build.0 = opt|Win32
		{E2980B0E-C3EF-4D9A-A9FE-E25B40D57B5E}.opt|x64.ActiveCfg = opt|x64
		{E2980B0E-C3EF-4D9A-A9FE-E25B40D57B5E}.opt|x64.Build.0 = opt|x64
		{E2980B0E-C3EF-4D9A-A9FE-E25B40D57B5E}.opt-omp|Win32.ActiveCfg = opt-omp|Win32
		{E2980B0E-C3EF-4D9A-A9FE-E25B40D57B5E}.opt-omp|Win32.Build.0 = opt-omp|Win32
		{E2980B0E-C3EF-4D9A-A9FE-E25B40D57B5E}.opt-omp|x64.ActiveCfg = opt-omp|x64
		{E2980B0E-C3EF-4D9A-A9FE-E25B40D57B5E}.opt-omp|x64.Build.0 = opt-omp|x64
	EndGlobalSection
	GlobalSection(SolutionProperties) = preSolution
		HideSolutionNode = FALSE
	EndGlobalSection
EndGlobal
