
Microsoft Visual Studio Solution File, Format Version 11.00
# Visual Studio 2010
Project("{8BC9CEB8-8B4A-11D0-8D11-00A0C91BC942}") = "winlibamd_ifc12", "winlibamd_ifc12.vcxproj", "{925CB7CA-0CC9-4D0E-A350-9C07376AADAE}"
EndProject
Project("{6989167D-11E4-40FE-8C1A-2192A86A7E90}") = "winlibblaslapack_ifc12", "winlibblaslapack_ifc12.vfproj", "{1E52C023-51DA-41B2-8698-64701C314FE1}"
EndProject
Project("{8BC9CEB8-8B4A-11D0-8D11-00A0C91BC942}") = "winlibkernelc_ifc12", "winlibkernelc_ifc12.vcxproj", "{85EFE19E-B191-4B72-A4F4-9551947C6DDF}"
EndProject
Project("{8BC9CEB8-8B4A-11D0-8D11-00A0C91BC942}") = "winlibumfpack4_ifc12", "winlibumfpack4_ifc12.vcxproj", "{7BCF2821-3B29-46AF-98A5-E6064305BFD7}"
EndProject
Global
	GlobalSection(SolutionConfigurationPlatforms) = preSolution
		Debug|Win32 = Debug|Win32
		Debug|Win64 = Debug|Win64
		Release|Win32 = Release|Win32
		Release|Win64 = Release|Win64
	EndGlobalSection
	GlobalSection(ProjectConfigurationPlatforms) = postSolution
		{925CB7CA-0CC9-4D0E-A350-9C07376AADAE}.Debug|Win32.ActiveCfg = Debug|Win32
		{925CB7CA-0CC9-4D0E-A350-9C07376AADAE}.Debug|Win32.Build.0 = Debug|Win32
		{925CB7CA-0CC9-4D0E-A350-9C07376AADAE}.Debug|Win64.ActiveCfg = Debug|x64
		{925CB7CA-0CC9-4D0E-A350-9C07376AADAE}.Debug|Win64.Build.0 = Debug|x64
		{925CB7CA-0CC9-4D0E-A350-9C07376AADAE}.Release|Win32.ActiveCfg = Release|Win32
		{925CB7CA-0CC9-4D0E-A350-9C07376AADAE}.Release|Win32.Build.0 = Release|Win32
		{925CB7CA-0CC9-4D0E-A350-9C07376AADAE}.Release|Win64.ActiveCfg = Release|x64
		{925CB7CA-0CC9-4D0E-A350-9C07376AADAE}.Release|Win64.Build.0 = Release|x64
		{1E52C023-51DA-41B2-8698-64701C314FE1}.Debug|Win32.ActiveCfg = Debug|Win32
		{1E52C023-51DA-41B2-8698-64701C314FE1}.Debug|Win32.Build.0 = Debug|Win32
		{1E52C023-51DA-41B2-8698-64701C314FE1}.Debug|Win64.ActiveCfg = Debug|x64
		{1E52C023-51DA-41B2-8698-64701C314FE1}.Debug|Win64.Build.0 = Debug|x64
		{1E52C023-51DA-41B2-8698-64701C314FE1}.Release|Win32.ActiveCfg = Release|Win32
		{1E52C023-51DA-41B2-8698-64701C314FE1}.Release|Win32.Build.0 = Release|Win32
		{1E52C023-51DA-41B2-8698-64701C314FE1}.Release|Win64.ActiveCfg = Release|x64
		{1E52C023-51DA-41B2-8698-64701C314FE1}.Release|Win64.Build.0 = Release|x64
		{85EFE19E-B191-4B72-A4F4-9551947C6DDF}.Debug|Win32.ActiveCfg = Debug|Win32
		{85EFE19E-B191-4B72-A4F4-9551947C6DDF}.Debug|Win32.Build.0 = Debug|Win32
		{85EFE19E-B191-4B72-A4F4-9551947C6DDF}.Debug|Win64.ActiveCfg = Debug|x64
		{85EFE19E-B191-4B72-A4F4-9551947C6DDF}.Debug|Win64.Build.0 = Debug|x64
		{85EFE19E-B191-4B72-A4F4-9551947C6DDF}.Release|Win32.ActiveCfg = Release|Win32
		{85EFE19E-B191-4B72-A4F4-9551947C6DDF}.Release|Win32.Build.0 = Release|Win32
		{85EFE19E-B191-4B72-A4F4-9551947C6DDF}.Release|Win64.ActiveCfg = Release|x64
		{85EFE19E-B191-4B72-A4F4-9551947C6DDF}.Release|Win64.Build.0 = Release|x64
		{7BCF2821-3B29-46AF-98A5-E6064305BFD7}.Debug|Win32.ActiveCfg = Debug|Win32
		{7BCF2821-3B29-46AF-98A5-E6064305BFD7}.Debug|Win32.Build.0 = Debug|Win32
		{7BCF2821-3B29-46AF-98A5-E6064305BFD7}.Debug|Win64.ActiveCfg = Debug|x64
		{7BCF2821-3B29-46AF-98A5-E6064305BFD7}.Debug|Win64.Build.0 = Debug|x64
		{7BCF2821-3B29-46AF-98A5-E6064305BFD7}.Release|Win32.ActiveCfg = Release|Win32
		{7BCF2821-3B29-46AF-98A5-E6064305BFD7}.Release|Win32.Build.0 = Release|Win32
		{7BCF2821-3B29-46AF-98A5-E6064305BFD7}.Release|Win64.ActiveCfg = Release|x64
		{7BCF2821-3B29-46AF-98A5-E6064305BFD7}.Release|Win64.Build.0 = Release|x64
	EndGlobalSection
	GlobalSection(SolutionProperties) = preSolution
		HideSolutionNode = FALSE
	EndGlobalSection
EndGlobal
