
Microsoft Visual Studio Solution File, Format Version 10.00
# Visual Studio 2008
Project("{6989167D-11E4-40FE-8C1A-2192A86A7E90}") = "winblaslapack_x64", "winblaslapack_x64.vfproj", "{1F07EB5A-7D4B-4F54-8BD5-91AE15CF69DD}"
EndProject
Global
	GlobalSection(SolutionConfigurationPlatforms) = preSolution
		Debug|Win32 = Debug|Win32
		Debug|x64 = Debug|x64
		Release_IPO|Win32 = Release_IPO|Win32
		Release_IPO|x64 = Release_IPO|x64
		Release|Win32 = Release|Win32
		Release|x64 = Release|x64
	EndGlobalSection
	GlobalSection(ProjectConfigurationPlatforms) = postSolution
		{1F07EB5A-7D4B-4F54-8BD5-91AE15CF69DD}.Debug|Win32.ActiveCfg = Debug|Win32
		{1F07EB5A-7D4B-4F54-8BD5-91AE15CF69DD}.Debug|Win32.Build.0 = Debug|Win32
		{1F07EB5A-7D4B-4F54-8BD5-91AE15CF69DD}.Debug|x64.ActiveCfg = Debug|x64
		{1F07EB5A-7D4B-4F54-8BD5-91AE15CF69DD}.Debug|x64.Build.0 = Debug|x64
		{1F07EB5A-7D4B-4F54-8BD5-91AE15CF69DD}.Release_IPO|Win32.ActiveCfg = Release_IPO|Win32
		{1F07EB5A-7D4B-4F54-8BD5-91AE15CF69DD}.Release_IPO|Win32.Build.0 = Release_IPO|Win32
		{1F07EB5A-7D4B-4F54-8BD5-91AE15CF69DD}.Release_IPO|x64.ActiveCfg = Release_IPO|x64
		{1F07EB5A-7D4B-4F54-8BD5-91AE15CF69DD}.Release_IPO|x64.Build.0 = Release_IPO|x64
		{1F07EB5A-7D4B-4F54-8BD5-91AE15CF69DD}.Release|Win32.ActiveCfg = Release|Win32
		{1F07EB5A-7D4B-4F54-8BD5-91AE15CF69DD}.Release|Win32.Build.0 = Release|Win32
		{1F07EB5A-7D4B-4F54-8BD5-91AE15CF69DD}.Release|x64.ActiveCfg = Release|x64
		{1F07EB5A-7D4B-4F54-8BD5-91AE15CF69DD}.Release|x64.Build.0 = Release|x64
	EndGlobalSection
	GlobalSection(SolutionProperties) = preSolution
		HideSolutionNode = FALSE
	EndGlobalSection
EndGlobal
