
Microsoft Visual Studio Solution File, Format Version 10.00
# Visual Studio 2008
Project("{6989167D-11E4-40FE-8C1A-2192A86A7E90}") = "wingpusd_x64", "wingpusd_x64.vfproj", "{766450C9-5F0F-4692-AEA5-D8D1A18A24E3}"
	ProjectSection(ProjectDependencies) = postProject
		{62BE3315-8E77-43C6-A799-E97FC8109EC5} = {62BE3315-8E77-43C6-A799-E97FC8109EC5}
		{7B2C5D6A-0CAF-4D61-8A00-5B20D0F39319} = {7B2C5D6A-0CAF-4D61-8A00-5B20D0F39319}
	EndProjectSection
EndProject
Project("{6989167D-11E4-40FE-8C1A-2192A86A7E90}") = "winlibkernel_x64", "..\..\..\libraries\kernel\winlibkernel\winlibkernel_x64.vfproj", "{62BE3315-8E77-43C6-A799-E97FC8109EC5}"
EndProject
Project("{8BC9CEB8-8B4A-11D0-8D11-00A0C91BC942}") = "wingpusd_driver", "wingpusd_lib.vcproj", "{7B2C5D6A-0CAF-4D61-8A00-5B20D0F39319}"
EndProject
Global
	GlobalSection(SolutionConfigurationPlatforms) = preSolution
		Debug|Win32 = Debug|Win32
		Debug|x64 = Debug|x64
		Release|Win32 = Release|Win32
		Release|x64 = Release|x64
	EndGlobalSection
	GlobalSection(ProjectConfigurationPlatforms) = postSolution
		{766450C9-5F0F-4692-AEA5-D8D1A18A24E3}.Debug|Win32.ActiveCfg = Debug|Win32
		{766450C9-5F0F-4692-AEA5-D8D1A18A24E3}.Debug|Win32.Build.0 = Debug|Win32
		{766450C9-5F0F-4692-AEA5-D8D1A18A24E3}.Debug|x64.ActiveCfg = Debug|x64
		{766450C9-5F0F-4692-AEA5-D8D1A18A24E3}.Debug|x64.Build.0 = Debug|x64
		{766450C9-5F0F-4692-AEA5-D8D1A18A24E3}.Release|Win32.ActiveCfg = Release|Win32
		{766450C9-5F0F-4692-AEA5-D8D1A18A24E3}.Release|Win32.Build.0 = Release|Win32
		{766450C9-5F0F-4692-AEA5-D8D1A18A24E3}.Release|x64.ActiveCfg = Release|x64
		{766450C9-5F0F-4692-AEA5-D8D1A18A24E3}.Release|x64.Build.0 = Release|x64
		{62BE3315-8E77-43C6-A799-E97FC8109EC5}.Debug|Win32.ActiveCfg = Debug|Win32
		{62BE3315-8E77-43C6-A799-E97FC8109EC5}.Debug|Win32.Build.0 = Debug|Win32
		{62BE3315-8E77-43C6-A799-E97FC8109EC5}.Debug|x64.ActiveCfg = Debug|x64
		{62BE3315-8E77-43C6-A799-E97FC8109EC5}.Debug|x64.Build.0 = Debug|x64
		{62BE3315-8E77-43C6-A799-E97FC8109EC5}.Release|Win32.ActiveCfg = Release|Win32
		{62BE3315-8E77-43C6-A799-E97FC8109EC5}.Release|Win32.Build.0 = Release|Win32
		{62BE3315-8E77-43C6-A799-E97FC8109EC5}.Release|x64.ActiveCfg = Release|x64
		{62BE3315-8E77-43C6-A799-E97FC8109EC5}.Release|x64.Build.0 = Release|x64
		{7B2C5D6A-0CAF-4D61-8A00-5B20D0F39319}.Debug|Win32.ActiveCfg = Debug|Win32
		{7B2C5D6A-0CAF-4D61-8A00-5B20D0F39319}.Debug|Win32.Build.0 = Debug|Win32
		{7B2C5D6A-0CAF-4D61-8A00-5B20D0F39319}.Debug|x64.ActiveCfg = Debug|x64
		{7B2C5D6A-0CAF-4D61-8A00-5B20D0F39319}.Debug|x64.Build.0 = Debug|x64
		{7B2C5D6A-0CAF-4D61-8A00-5B20D0F39319}.Release|Win32.ActiveCfg = Release|Win32
		{7B2C5D6A-0CAF-4D61-8A00-5B20D0F39319}.Release|Win32.Build.0 = Release|Win32
		{7B2C5D6A-0CAF-4D61-8A00-5B20D0F39319}.Release|x64.ActiveCfg = Release|x64
		{7B2C5D6A-0CAF-4D61-8A00-5B20D0F39319}.Release|x64.Build.0 = Release|x64
	EndGlobalSection
	GlobalSection(SolutionProperties) = preSolution
		HideSolutionNode = FALSE
	EndGlobalSection
EndGlobal
